// !$*UTF8*$!
{
	archiveVersion = 1;
	classes = {
	};
	objectVersion = 56;
	objects = {

/* Begin PBXBuildFile section */
		4A997E082BDE2F9100F1DECC /* AppDelegate.swift in Sources */ = {isa = PBXBuildFile; fileRef = 4A997E072BDE2F9100F1DECC /* AppDelegate.swift */; };
		4A997E0A2BDE2F9100F1DECC /* SceneDelegate.swift in Sources */ = {isa = PBXBuildFile; fileRef = 4A997E092BDE2F9100F1DECC /* SceneDelegate.swift */; };
		4A997E0C2BDE2F9100F1DECC /* ViewController.swift in Sources */ = {isa = PBXBuildFile; fileRef = 4A997E0B2BDE2F9100F1DECC /* ViewController.swift */; };
		4A997E0F2BDE2F9100F1DECC /* Base in Resources */ = {isa = PBXBuildFile; fileRef = 4A997E0E2BDE2F9100F1DECC /* Base */; };
		4A997E112BDE2F9200F1DECC /* Assets.xcassets in Resources */ = {isa = PBXBuildFile; fileRef = 4A997E102BDE2F9200F1DECC /* Assets.xcassets */; };
		4A997E142BDE2F9200F1DECC /* Base in Resources */ = {isa = PBXBuildFile; fileRef = 4A997E132BDE2F9200F1DECC /* Base */; };
		4A997E1F2BDE2F9200F1DECC /* TechiebutlerTaskTests.swift in Sources */ = {isa = PBXBuildFile; fileRef = 4A997E1E2BDE2F9200F1DECC /* TechiebutlerTaskTests.swift */; };
		4A997E3A2BDE30A900F1DECC /* Post.swift in Sources */ = {isa = PBXBuildFile; fileRef = 4A997E392BDE30A900F1DECC /* Post.swift */; };
		4A997E3C2BDE30C900F1DECC /* PostLoader.swift in Sources */ = {isa = PBXBuildFile; fileRef = 4A997E3B2BDE30C900F1DECC /* PostLoader.swift */; };
		4A997E3F2BDE315D00F1DECC /* HTTPClient.swift in Sources */ = {isa = PBXBuildFile; fileRef = 4A997E3E2BDE315D00F1DECC /* HTTPClient.swift */; };
		4A997E412BDE317900F1DECC /* URLSessionHTTPClient.swift in Sources */ = {isa = PBXBuildFile; fileRef = 4A997E402BDE317900F1DECC /* URLSessionHTTPClient.swift */; };
/* End PBXBuildFile section */

/* Begin PBXContainerItemProxy section */
		4A997E1B2BDE2F9200F1DECC /* PBXContainerItemProxy */ = {
			isa = PBXContainerItemProxy;
			containerPortal = 4A997DFC2BDE2F9100F1DECC /* Project object */;
			proxyType = 1;
			remoteGlobalIDString = 4A997E032BDE2F9100F1DECC;
			remoteInfo = TechiebutlerTask;
		};
/* End PBXContainerItemProxy section */

/* Begin PBXFileReference section */
		4A997E042BDE2F9100F1DECC /* TechiebutlerTask.app */ = {isa = PBXFileReference; explicitFileType = wrapper.application; includeInIndex = 0; path = TechiebutlerTask.app; sourceTree = BUILT_PRODUCTS_DIR; };
		4A997E072BDE2F9100F1DECC /* AppDelegate.swift */ = {isa = PBXFileReference; lastKnownFileType = sourcecode.swift; path = AppDelegate.swift; sourceTree = "<group>"; };
		4A997E092BDE2F9100F1DECC /* SceneDelegate.swift */ = {isa = PBXFileReference; lastKnownFileType = sourcecode.swift; path = SceneDelegate.swift; sourceTree = "<group>"; };
		4A997E0B2BDE2F9100F1DECC /* ViewController.swift */ = {isa = PBXFileReference; lastKnownFileType = sourcecode.swift; path = ViewController.swift; sourceTree = "<group>"; };
		4A997E0E2BDE2F9100F1DECC /* Base */ = {isa = PBXFileReference; lastKnownFileType = file.storyboard; name = Base; path = Base.lproj/Main.storyboard; sourceTree = "<group>"; };
		4A997E102BDE2F9200F1DECC /* Assets.xcassets */ = {isa = PBXFileReference; lastKnownFileType = folder.assetcatalog; path = Assets.xcassets; sourceTree = "<group>"; };
		4A997E132BDE2F9200F1DECC /* Base */ = {isa = PBXFileReference; lastKnownFileType = file.storyboard; name = Base; path = Base.lproj/LaunchScreen.storyboard; sourceTree = "<group>"; };
		4A997E152BDE2F9200F1DECC /* Info.plist */ = {isa = PBXFileReference; lastKnownFileType = text.plist.xml; path = Info.plist; sourceTree = "<group>"; };
		4A997E1A2BDE2F9200F1DECC /* TechiebutlerTaskTests.xctest */ = {isa = PBXFileReference; explicitFileType = wrapper.cfbundle; includeInIndex = 0; path = TechiebutlerTaskTests.xctest; sourceTree = BUILT_PRODUCTS_DIR; };
		4A997E1E2BDE2F9200F1DECC /* TechiebutlerTaskTests.swift */ = {isa = PBXFileReference; lastKnownFileType = sourcecode.swift; path = TechiebutlerTaskTests.swift; sourceTree = "<group>"; };
		4A997E372BDE2FB500F1DECC /* TechiebutlerTask.xctestplan */ = {isa = PBXFileReference; lastKnownFileType = text; path = TechiebutlerTask.xctestplan; sourceTree = "<group>"; };
		4A997E392BDE30A900F1DECC /* Post.swift */ = {isa = PBXFileReference; lastKnownFileType = sourcecode.swift; path = Post.swift; sourceTree = "<group>"; };
		4A997E3B2BDE30C900F1DECC /* PostLoader.swift */ = {isa = PBXFileReference; lastKnownFileType = sourcecode.swift; path = PostLoader.swift; sourceTree = "<group>"; };
		4A997E3E2BDE315D00F1DECC /* HTTPClient.swift */ = {isa = PBXFileReference; lastKnownFileType = sourcecode.swift; path = HTTPClient.swift; sourceTree = "<group>"; };
		4A997E402BDE317900F1DECC /* URLSessionHTTPClient.swift */ = {isa = PBXFileReference; lastKnownFileType = sourcecode.swift; path = URLSessionHTTPClient.swift; sourceTree = "<group>"; };
/* End PBXFileReference section */

/* Begin PBXFrameworksBuildPhase section */
		4A997E012BDE2F9100F1DECC /* Frameworks */ = {
			isa = PBXFrameworksBuildPhase;
			buildActionMask = 2147483647;
			files = (
			);
			runOnlyForDeploymentPostprocessing = 0;
		};
		4A997E172BDE2F9200F1DECC /* Frameworks */ = {
			isa = PBXFrameworksBuildPhase;
			buildActionMask = 2147483647;
			files = (
			);
			runOnlyForDeploymentPostprocessing = 0;
		};
/* End PBXFrameworksBuildPhase section */

/* Begin PBXGroup section */
		4A997DFB2BDE2F9100F1DECC = {
			isa = PBXGroup;
			children = (
				4A997E372BDE2FB500F1DECC /* TechiebutlerTask.xctestplan */,
				4A997E062BDE2F9100F1DECC /* TechiebutlerTask */,
				4A997E1D2BDE2F9200F1DECC /* TechiebutlerTaskTests */,
				4A997E052BDE2F9100F1DECC /* Products */,
			);
			sourceTree = "<group>";
		};
		4A997E052BDE2F9100F1DECC /* Products */ = {
			isa = PBXGroup;
			children = (
				4A997E042BDE2F9100F1DECC /* TechiebutlerTask.app */,
				4A997E1A2BDE2F9200F1DECC /* TechiebutlerTaskTests.xctest */,
			);
			name = Products;
			sourceTree = "<group>";
		};
		4A997E062BDE2F9100F1DECC /* TechiebutlerTask */ = {
			isa = PBXGroup;
			children = (
				4A997E3D2BDE313B00F1DECC /* Network */,
				4A997E382BDE308F00F1DECC /* PostFeature */,
				4A997E072BDE2F9100F1DECC /* AppDelegate.swift */,
				4A997E092BDE2F9100F1DECC /* SceneDelegate.swift */,
				4A997E0B2BDE2F9100F1DECC /* ViewController.swift */,
				4A997E0D2BDE2F9100F1DECC /* Main.storyboard */,
				4A997E102BDE2F9200F1DECC /* Assets.xcassets */,
				4A997E122BDE2F9200F1DECC /* LaunchScreen.storyboard */,
				4A997E152BDE2F9200F1DECC /* Info.plist */,
			);
			path = TechiebutlerTask;
			sourceTree = "<group>";
		};
		4A997E1D2BDE2F9200F1DECC /* TechiebutlerTaskTests */ = {
			isa = PBXGroup;
			children = (
				4A997E1E2BDE2F9200F1DECC /* TechiebutlerTaskTests.swift */,
			);
			path = TechiebutlerTaskTests;
			sourceTree = "<group>";
		};
		4A997E382BDE308F00F1DECC /* PostFeature */ = {
			isa = PBXGroup;
			children = (
				4A997E392BDE30A900F1DECC /* Post.swift */,
				4A997E3B2BDE30C900F1DECC /* PostLoader.swift */,
			);
			path = PostFeature;
			sourceTree = "<group>";
		};
		4A997E3D2BDE313B00F1DECC /* Network */ = {
			isa = PBXGroup;
			children = (
				4A997E3E2BDE315D00F1DECC /* HTTPClient.swift */,
				4A997E402BDE317900F1DECC /* URLSessionHTTPClient.swift */,
			);
			path = Network;
			sourceTree = "<group>";
		};
/* End PBXGroup section */

/* Begin PBXNativeTarget section */
		4A997E032BDE2F9100F1DECC /* TechiebutlerTask */ = {
			isa = PBXNativeTarget;
			buildConfigurationList = 4A997E2E2BDE2F9200F1DECC /* Build configuration list for PBXNativeTarget "TechiebutlerTask" */;
			buildPhases = (
				4A997E002BDE2F9100F1DECC /* Sources */,
				4A997E012BDE2F9100F1DECC /* Frameworks */,
				4A997E022BDE2F9100F1DECC /* Resources */,
			);
			buildRules = (
			);
			dependencies = (
			);
			name = TechiebutlerTask;
			productName = TechiebutlerTask;
			productReference = 4A997E042BDE2F9100F1DECC /* TechiebutlerTask.app */;
			productType = "com.apple.product-type.application";
		};
		4A997E192BDE2F9200F1DECC /* TechiebutlerTaskTests */ = {
			isa = PBXNativeTarget;
			buildConfigurationList = 4A997E312BDE2F9200F1DECC /* Build configuration list for PBXNativeTarget "TechiebutlerTaskTests" */;
			buildPhases = (
				4A997E162BDE2F9200F1DECC /* Sources */,
				4A997E172BDE2F9200F1DECC /* Frameworks */,
				4A997E182BDE2F9200F1DECC /* Resources */,
			);
			buildRules = (
			);
			dependencies = (
				4A997E1C2BDE2F9200F1DECC /* PBXTargetDependency */,
			);
			name = TechiebutlerTaskTests;
			productName = TechiebutlerTaskTests;
			productReference = 4A997E1A2BDE2F9200F1DECC /* TechiebutlerTaskTests.xctest */;
			productType = "com.apple.product-type.bundle.unit-test";
		};
/* End PBXNativeTarget section */

/* Begin PBXProject section */
		4A997DFC2BDE2F9100F1DECC /* Project object */ = {
			isa = PBXProject;
			attributes = {
				BuildIndependentTargetsInParallel = 1;
				LastSwiftUpdateCheck = 1530;
				LastUpgradeCheck = 1530;
				TargetAttributes = {
					4A997E032BDE2F9100F1DECC = {
						CreatedOnToolsVersion = 15.3;
					};
					4A997E192BDE2F9200F1DECC = {
						CreatedOnToolsVersion = 15.3;
						TestTargetID = 4A997E032BDE2F9100F1DECC;
					};
				};
			};
			buildConfigurationList = 4A997DFF2BDE2F9100F1DECC /* Build configuration list for PBXProject "TechiebutlerTask" */;
			compatibilityVersion = "Xcode 14.0";
			developmentRegion = en;
			hasScannedForEncodings = 0;
			knownRegions = (
				en,
				Base,
			);
			mainGroup = 4A997DFB2BDE2F9100F1DECC;
			productRefGroup = 4A997E052BDE2F9100F1DECC /* Products */;
			projectDirPath = "";
			projectRoot = "";
			targets = (
				4A997E032BDE2F9100F1DECC /* TechiebutlerTask */,
				4A997E192BDE2F9200F1DECC /* TechiebutlerTaskTests */,
			);
		};
/* End PBXProject section */

/* Begin PBXResourcesBuildPhase section */
		4A997E022BDE2F9100F1DECC /* Resources */ = {
			isa = PBXResourcesBuildPhase;
			buildActionMask = 2147483647;
			files = (
				4A997E112BDE2F9200F1DECC /* Assets.xcassets in Resources */,
				4A997E142BDE2F9200F1DECC /* Base in Resources */,
				4A997E0F2BDE2F9100F1DECC /* Base in Resources */,
			);
			runOnlyForDeploymentPostprocessing = 0;
		};
		4A997E182BDE2F9200F1DECC /* Resources */ = {
			isa = PBXResourcesBuildPhase;
			buildActionMask = 2147483647;
			files = (
			);
			runOnlyForDeploymentPostprocessing = 0;
		};
/* End PBXResourcesBuildPhase section */

/* Begin PBXSourcesBuildPhase section */
		4A997E002BDE2F9100F1DECC /* Sources */ = {
			isa = PBXSourcesBuildPhase;
			buildActionMask = 2147483647;
			files = (
				4A997E412BDE317900F1DECC /* URLSessionHTTPClient.swift in Sources */,
				4A997E0C2BDE2F9100F1DECC /* ViewController.swift in Sources */,
				4A997E082BDE2F9100F1DECC /* AppDelegate.swift in Sources */,
				4A997E3F2BDE315D00F1DECC /* HTTPClient.swift in Sources */,
				4A997E0A2BDE2F9100F1DECC /* SceneDelegate.swift in Sources */,
				4A997E3A2BDE30A900F1DECC /* Post.swift in Sources */,
				4A997E3C2BDE30C900F1DECC /* PostLoader.swift in Sources */,
			);
			runOnlyForDeploymentPostprocessing = 0;
		};
		4A997E162BDE2F9200F1DECC /* Sources */ = {
			isa = PBXSourcesBuildPhase;
			buildActionMask = 2147483647;
			files = (
				4A997E1F2BDE2F9200F1DECC /* TechiebutlerTaskTests.swift in Sources */,
			);
			runOnlyForDeploymentPostprocessing = 0;
		};
/* End PBXSourcesBuildPhase section */

/* Begin PBXTargetDependency section */
		4A997E1C2BDE2F9200F1DECC /* PBXTargetDependency */ = {
			isa = PBXTargetDependency;
			target = 4A997E032BDE2F9100F1DECC /* TechiebutlerTask */;
			targetProxy = 4A997E1B2BDE2F9200F1DECC /* PBXContainerItemProxy */;
		};
/* End PBXTargetDependency section */

/* Begin PBXVariantGroup section */
		4A997E0D2BDE2F9100F1DECC /* Main.storyboard */ = {
			isa = PBXVariantGroup;
			children = (
				4A997E0E2BDE2F9100F1DECC /* Base */,
			);
			name = Main.storyboard;
			sourceTree = "<group>";
		};
		4A997E122BDE2F9200F1DECC /* LaunchScreen.storyboard */ = {
			isa = PBXVariantGroup;
			children = (
				4A997E132BDE2F9200F1DECC /* Base */,
			);
			name = LaunchScreen.storyboard;
			sourceTree = "<group>";
		};
/* End PBXVariantGroup section */

/* Begin XCBuildConfiguration section */
		4A997E2C2BDE2F9200F1DECC /* Debug */ = {
			isa = XCBuildConfiguration;
			buildSettings = {
				ALWAYS_SEARCH_USER_PATHS = NO;
				ASSETCATALOG_COMPILER_GENERATE_SWIFT_ASSET_SYMBOL_EXTENSIONS = YES;
				CLANG_ANALYZER_NONNULL = YES;
				CLANG_ANALYZER_NUMBER_OBJECT_CONVERSION = YES_AGGRESSIVE;
				CLANG_CXX_LANGUAGE_STANDARD = "gnu++20";
				CLANG_ENABLE_MODULES = YES;
				CLANG_ENABLE_OBJC_ARC = YES;
				CLANG_ENABLE_OBJC_WEAK = YES;
				CLANG_WARN_BLOCK_CAPTURE_AUTORELEASING = YES;
				CLANG_WARN_BOOL_CONVERSION = YES;
				CLANG_WARN_COMMA = YES;
				CLANG_WARN_CONSTANT_CONVERSION = YES;
				CLANG_WARN_DEPRECATED_OBJC_IMPLEMENTATIONS = YES;
				CLANG_WARN_DIRECT_OBJC_ISA_USAGE = YES_ERROR;
				CLANG_WARN_DOCUMENTATION_COMMENTS = YES;
				CLANG_WARN_EMPTY_BODY = YES;
				CLANG_WARN_ENUM_CONVERSION = YES;
				CLANG_WARN_INFINITE_RECURSION = YES;
				CLANG_WARN_INT_CONVERSION = YES;
				CLANG_WARN_NON_LITERAL_NULL_CONVERSION = YES;
				CLANG_WARN_OBJC_IMPLICIT_RETAIN_SELF = YES;
				CLANG_WARN_OBJC_LITERAL_CONVERSION = YES;
				CLANG_WARN_OBJC_ROOT_CLASS = YES_ERROR;
				CLANG_WARN_QUOTED_INCLUDE_IN_FRAMEWORK_HEADER = YES;
				CLANG_WARN_RANGE_LOOP_ANALYSIS = YES;
				CLANG_WARN_STRICT_PROTOTYPES = YES;
				CLANG_WARN_SUSPICIOUS_MOVE = YES;
				CLANG_WARN_UNGUARDED_AVAILABILITY = YES_AGGRESSIVE;
				CLANG_WARN_UNREACHABLE_CODE = YES;
				CLANG_WARN__DUPLICATE_METHOD_MATCH = YES;
				COPY_PHASE_STRIP = NO;
				DEBUG_INFORMATION_FORMAT = dwarf;
				ENABLE_STRICT_OBJC_MSGSEND = YES;
				ENABLE_TESTABILITY = YES;
				ENABLE_USER_SCRIPT_SANDBOXING = YES;
				GCC_C_LANGUAGE_STANDARD = gnu17;
				GCC_DYNAMIC_NO_PIC = NO;
				GCC_NO_COMMON_BLOCKS = YES;
				GCC_OPTIMIZATION_LEVEL = 0;
				GCC_PREPROCESSOR_DEFINITIONS = (
					"DEBUG=1",
					"$(inherited)",
				);
				GCC_WARN_64_TO_32_BIT_CONVERSION = YES;
				GCC_WARN_ABOUT_RETURN_TYPE = YES_ERROR;
				GCC_WARN_UNDECLARED_SELECTOR = YES;
				GCC_WARN_UNINITIALIZED_AUTOS = YES_AGGRESSIVE;
				GCC_WARN_UNUSED_FUNCTION = YES;
				GCC_WARN_UNUSED_VARIABLE = YES;
				IPHONEOS_DEPLOYMENT_TARGET = 17.4;
				LOCALIZATION_PREFERS_STRING_CATALOGS = YES;
				MTL_ENABLE_DEBUG_INFO = INCLUDE_SOURCE;
				MTL_FAST_MATH = YES;
				ONLY_ACTIVE_ARCH = YES;
				SDKROOT = iphoneos;
				SWIFT_ACTIVE_COMPILATION_CONDITIONS = "DEBUG $(inherited)";
				SWIFT_OPTIMIZATION_LEVEL = "-Onone";
			};
			name = Debug;
		};
		4A997E2D2BDE2F9200F1DECC /* Release */ = {
			isa = XCBuildConfiguration;
			buildSettings = {
				ALWAYS_SEARCH_USER_PATHS = NO;
				ASSETCATALOG_COMPILER_GENERATE_SWIFT_ASSET_SYMBOL_EXTENSIONS = YES;
				CLANG_ANALYZER_NONNULL = YES;
				CLANG_ANALYZER_NUMBER_OBJECT_CONVERSION = YES_AGGRESSIVE;
				CLANG_CXX_LANGUAGE_STANDARD = "gnu++20";
				CLANG_ENABLE_MODULES = YES;
				CLANG_ENABLE_OBJC_ARC = YES;
				CLANG_ENABLE_OBJC_WEAK = YES;
				CLANG_WARN_BLOCK_CAPTURE_AUTORELEASING = YES;
				CLANG_WARN_BOOL_CONVERSION = YES;
				CLANG_WARN_COMMA = YES;
				CLANG_WARN_CONSTANT_CONVERSION = YES;
				CLANG_WARN_DEPRECATED_OBJC_IMPLEMENTATIONS = YES;
				CLANG_WARN_DIRECT_OBJC_ISA_USAGE = YES_ERROR;
				CLANG_WARN_DOCUMENTATION_COMMENTS = YES;
				CLANG_WARN_EMPTY_BODY = YES;
				CLANG_WARN_ENUM_CONVERSION = YES;
				CLANG_WARN_INFINITE_RECURSION = YES;
				CLANG_WARN_INT_CONVERSION = YES;
				CLANG_WARN_NON_LITERAL_NULL_CONVERSION = YES;
				CLANG_WARN_OBJC_IMPLICIT_RETAIN_SELF = YES;
				CLANG_WARN_OBJC_LITERAL_CONVERSION = YES;
				CLANG_WARN_OBJC_ROOT_CLASS = YES_ERROR;
				CLANG_WARN_QUOTED_INCLUDE_IN_FRAMEWORK_HEADER = YES;
				CLANG_WARN_RANGE_LOOP_ANALYSIS = YES;
				CLANG_WARN_STRICT_PROTOTYPES = YES;
				CLANG_WARN_SUSPICIOUS_MOVE = YES;
				CLANG_WARN_UNGUARDED_AVAILABILITY = YES_AGGRESSIVE;
				CLANG_WARN_UNREACHABLE_CODE = YES;
				CLANG_WARN__DUPLICATE_METHOD_MATCH = YES;
				COPY_PHASE_STRIP = NO;
				DEBUG_INFORMATION_FORMAT = "dwarf-with-dsym";
				ENABLE_NS_ASSERTIONS = NO;
				ENABLE_STRICT_OBJC_MSGSEND = YES;
				ENABLE_USER_SCRIPT_SANDBOXING = YES;
				GCC_C_LANGUAGE_STANDARD = gnu17;
				GCC_NO_COMMON_BLOCKS = YES;
				GCC_WARN_64_TO_32_BIT_CONVERSION = YES;
				GCC_WARN_ABOUT_RETURN_TYPE = YES_ERROR;
				GCC_WARN_UNDECLARED_SELECTOR = YES;
				GCC_WARN_UNINITIALIZED_AUTOS = YES_AGGRESSIVE;
				GCC_WARN_UNUSED_FUNCTION = YES;
				GCC_WARN_UNUSED_VARIABLE = YES;
				IPHONEOS_DEPLOYMENT_TARGET = 17.4;
				LOCALIZATION_PREFERS_STRING_CATALOGS = YES;
				MTL_ENABLE_DEBUG_INFO = NO;
				MTL_FAST_MATH = YES;
				SDKROOT = iphoneos;
				SWIFT_COMPILATION_MODE = wholemodule;
				VALIDATE_PRODUCT = YES;
			};
			name = Release;
		};
		4A997E2F2BDE2F9200F1DECC /* Debug */ = {
			isa = XCBuildConfiguration;
			buildSettings = {
				ASSETCATALOG_COMPILER_APPICON_NAME = AppIcon;
				ASSETCATALOG_COMPILER_GLOBAL_ACCENT_COLOR_NAME = AccentColor;
				CODE_SIGN_STYLE = Automatic;
				CURRENT_PROJECT_VERSION = 1;
				DEVELOPMENT_TEAM = R5SJV39Z22;
				GENERATE_INFOPLIST_FILE = YES;
				INFOPLIST_FILE = TechiebutlerTask/Info.plist;
				INFOPLIST_KEY_UIApplicationSupportsIndirectInputEvents = YES;
				INFOPLIST_KEY_UILaunchStoryboardName = LaunchScreen;
				INFOPLIST_KEY_UIMainStoryboardFile = Main;
				INFOPLIST_KEY_UISupportedInterfaceOrientations_iPad = "UIInterfaceOrientationPortrait UIInterfaceOrientationPortraitUpsideDown UIInterfaceOrientationLandscapeLeft UIInterfaceOrientationLandscapeRight";
				INFOPLIST_KEY_UISupportedInterfaceOrientations_iPhone = "UIInterfaceOrientationPortrait UIInterfaceOrientationLandscapeLeft UIInterfaceOrientationLandscapeRight";
				LD_RUNPATH_SEARCH_PATHS = (
					"$(inherited)",
					"@executable_path/Frameworks",
				);
				MARKETING_VERSION = 1.0;
				PRODUCT_BUNDLE_IDENTIFIER = com.muvee.TechiebutlerTask;
				PRODUCT_NAME = "$(TARGET_NAME)";
				SWIFT_EMIT_LOC_STRINGS = YES;
				SWIFT_VERSION = 5.0;
				TARGETED_DEVICE_FAMILY = "1,2";
			};
			name = Debug;
		};
		4A997E302BDE2F9200F1DECC /* Release */ = {
			isa = XCBuildConfiguration;
			buildSettings = {
				ASSETCATALOG_COMPILER_APPICON_NAME = AppIcon;
				ASSETCATALOG_COMPILER_GLOBAL_ACCENT_COLOR_NAME = AccentColor;
				CODE_SIGN_STYLE = Automatic;
				CURRENT_PROJECT_VERSION = 1;
				DEVELOPMENT_TEAM = R5SJV39Z22;
				GENERATE_INFOPLIST_FILE = YES;
				INFOPLIST_FILE = TechiebutlerTask/Info.plist;
				INFOPLIST_KEY_UIApplicationSupportsIndirectInputEvents = YES;
				INFOPLIST_KEY_UILaunchStoryboardName = LaunchScreen;
				INFOPLIST_KEY_UIMainStoryboardFile = Main;
				INFOPLIST_KEY_UISupportedInterfaceOrientations_iPad = "UIInterfaceOrientationPortrait UIInterfaceOrientationPortraitUpsideDown UIInterfaceOrientationLandscapeLeft UIInterfaceOrientationLandscapeRight";
				INFOPLIST_KEY_UISupportedInterfaceOrientations_iPhone = "UIInterfaceOrientationPortrait UIInterfaceOrientationLandscapeLeft UIInterfaceOrientationLandscapeRight";
				LD_RUNPATH_SEARCH_PATHS = (
					"$(inherited)",
					"@executable_path/Frameworks",
				);
				MARKETING_VERSION = 1.0;
				PRODUCT_BUNDLE_IDENTIFIER = com.muvee.TechiebutlerTask;
				PRODUCT_NAME = "$(TARGET_NAME)";
				SWIFT_EMIT_LOC_STRINGS = YES;
				SWIFT_VERSION = 5.0;
				TARGETED_DEVICE_FAMILY = "1,2";
			};
			name = Release;
		};
		4A997E322BDE2F9200F1DECC /* Debug */ = {
			isa = XCBuildConfiguration;
			buildSettings = {
				ALWAYS_EMBED_SWIFT_STANDARD_LIBRARIES = YES;
				BUNDLE_LOADER = "$(TEST_HOST)";
				CODE_SIGN_STYLE = Automatic;
				CURRENT_PROJECT_VERSION = 1;
				DEVELOPMENT_TEAM = R5SJV39Z22;
				GENERATE_INFOPLIST_FILE = YES;
				IPHONEOS_DEPLOYMENT_TARGET = 17.4;
				MARKETING_VERSION = 1.0;
				PRODUCT_BUNDLE_IDENTIFIER = com.muvee.TechiebutlerTaskTests;
				PRODUCT_NAME = "$(TARGET_NAME)";
				SWIFT_EMIT_LOC_STRINGS = NO;
				SWIFT_VERSION = 5.0;
				TARGETED_DEVICE_FAMILY = "1,2";
				TEST_HOST = "$(BUILT_PRODUCTS_DIR)/TechiebutlerTask.app/$(BUNDLE_EXECUTABLE_FOLDER_PATH)/TechiebutlerTask";
			};
			name = Debug;
		};
		4A997E332BDE2F9200F1DECC /* Release */ = {
			isa = XCBuildConfiguration;
			buildSettings = {
				ALWAYS_EMBED_SWIFT_STANDARD_LIBRARIES = YES;
				BUNDLE_LOADER = "$(TEST_HOST)";
				CODE_SIGN_STYLE = Automatic;
				CURRENT_PROJECT_VERSION = 1;
				DEVELOPMENT_TEAM = R5SJV39Z22;
				GENERATE_INFOPLIST_FILE = YES;
				IPHONEOS_DEPLOYMENT_TARGET = 17.4;
				MARKETING_VERSION = 1.0;
				PRODUCT_BUNDLE_IDENTIFIER = com.muvee.TechiebutlerTaskTests;
				PRODUCT_NAME = "$(TARGET_NAME)";
				SWIFT_EMIT_LOC_STRINGS = NO;
				SWIFT_VERSION = 5.0;
				TARGETED_DEVICE_FAMILY = "1,2";
				TEST_HOST = "$(BUILT_PRODUCTS_DIR)/TechiebutlerTask.app/$(BUNDLE_EXECUTABLE_FOLDER_PATH)/TechiebutlerTask";
			};
			name = Release;
		};
/* End XCBuildConfiguration section */

/* Begin XCConfigurationList section */
		4A997DFF2BDE2F9100F1DECC /* Build configuration list for PBXProject "TechiebutlerTask" */ = {
			isa = XCConfigurationList;
			buildConfigurations = (
				4A997E2C2BDE2F9200F1DECC /* Debug */,
				4A997E2D2BDE2F9200F1DECC /* Release */,
			);
			defaultConfigurationIsVisible = 0;
			defaultConfigurationName = Release;
		};
		4A997E2E2BDE2F9200F1DECC /* Build configuration list for PBXNativeTarget "TechiebutlerTask" */ = {
			isa = XCConfigurationList;
			buildConfigurations = (
				4A997E2F2BDE2F9200F1DECC /* Debug */,
				4A997E302BDE2F9200F1DECC /* Release */,
			);
			defaultConfigurationIsVisible = 0;
			defaultConfigurationName = Release;
		};
		4A997E312BDE2F9200F1DECC /* Build configuration list for PBXNativeTarget "TechiebutlerTaskTests" */ = {
			isa = XCConfigurationList;
			buildConfigurations = (
				4A997E322BDE2F9200F1DECC /* Debug */,
				4A997E332BDE2F9200F1DECC /* Release */,
			);
			defaultConfigurationIsVisible = 0;
			defaultConfigurationName = Release;
		};
/* End XCConfigurationList section */
	};
	rootObject = 4A997DFC2BDE2F9100F1DECC /* Project object */;
}
